Microsoft Visual Studio Solution File, Format Version 12.00
# Visual Studio Version 17
VisualStudioVersion = 17.5.2.0
MinimumVisualStudioVersion = 10.0.40219.1
Project("{FAE04EC0-301F-11D3-BF4B-00C04F79EFBC}") = "Stacker.api", "src\Stacker-api\Stacker.api.csproj", "{1DC7A764-A192-103C-0587-FC981E8E5778}"
EndProject
Project("{FAE04EC0-301F-11D3-BF4B-00C04F79EFBC}") = "StackerAiConnector", "src\Stacker-ai-connector\StackerAiConnector.csproj", "{2EC8B875-B303-204D-1698-GD982F9F6889}"
EndProject
Global
	GlobalSection(SolutionConfigurationPlatforms) = preSolution
		Debug|Any CPU = Debug|Any CPU
		Release|Any CPU = Release|Any CPU
	EndGlobalSection
	GlobalSection(ProjectConfigurationPlatforms) = postSolution
		{1DC7A764-A192-103C-0587-FC981E8E5778}.Debug|Any CPU.ActiveCfg = Debug|Any CPU
		{1DC7A764-A192-103C-0587-FC981E8E5778}.Debug|Any CPU.Build.0 = Debug|Any CPU
		{1DC7A764-A192-103C-0587-FC981E8E5778}.Release|Any CPU.ActiveCfg = Release|Any CPU
		{1DC7A764-A192-103C-0587-FC981E8E5778}.Release|Any CPU.Build.0 = Release|Any CPU
		{2EC8B875-B303-204D-1698-GD982F9F6889}.Debug|Any CPU.ActiveCfg = Debug|Any CPU
		{2EC8B875-B303-204D-1698-GD982F9F6889}.Debug|Any CPU.Build.0 = Debug|Any CPU
		{2EC8B875-B303-204D-1698-GD982F9F6889}.Release|Any CPU.ActiveCfg = Release|Any CPU
		{2EC8B875-B303-204D-1698-GD982F9F6889}.Release|Any CPU.Build.0 = Release|Any CPU
	EndGlobalSection
	GlobalSection(SolutionProperties) = preSolution
		HideSolutionNode = FALSE
	EndGlobalSection
	GlobalSection(ExtensibilityGlobals) = postSolution
		SolutionGuid = {9000E36D-7EEC-4600-82C5-71199EBD8391}
	EndGlobalSection
EndGlobal
